
Microsoft Visual Studio Solution File, Format Version 12.00
# Visual Studio Version 16
VisualStudioVersion = 16.0.30523.141
MinimumVisualStudioVersion = 10.0.40219.1
Project("{F184B08F-C81C-45F6-A57F-5ABD9991F28F}") = "NorthwindREST", "NorthwindREST.vbproj", "{D15EBB23-A85B-4141-9B7E-C3EC1B1BF494}"
EndProject
Global
	GlobalSection(SolutionConfigurationPlatforms) = preSolution
		Debug|Any CPU = Debug|Any CPU
		Release|Any CPU = Release|Any CPU
	EndGlobalSection
	GlobalSection(ProjectConfigurationPlatforms) = postSolution
		{D15EBB23-A85B-4141-9B7E-C3EC1B1BF494}.Debug|Any CPU.ActiveCfg = Debug|Any CPU
		{D15EBB23-A85B-4141-9B7E-C3EC1B1BF494}.Debug|Any CPU.Build.0 = Debug|Any CPU
		{D15EBB23-A85B-4141-9B7E-C3EC1B1BF494}.Release|Any CPU.ActiveCfg = Release|Any CPU
		{D15EBB23-A85B-4141-9B7E-C3EC1B1BF494}.Release|Any CPU.Build.0 = Release|Any CPU
	EndGlobalSection
	GlobalSection(SolutionProperties) = preSolution
		HideSolutionNode = FALSE
	EndGlobalSection
	GlobalSection(ExtensibilityGlobals) = postSolution
		SolutionGuid = {C1292D31-D6D6-4C04-B609-3AC7C47B359F}
	EndGlobalSection
EndGlobal
