
Microsoft Visual Studio Solution File, Format Version 12.00
# Visual Studio Version 16
VisualStudioVersion = 16.0.30204.135
MinimumVisualStudioVersion = 10.0.40219.1
Project("{FAE04EC0-301F-11D3-BF4B-00C04F79EFBC}") = "Tuberias y Filtros", "Tuberias y Filtros\Tuberias y Filtros.csproj", "{622D72F4-1D64-43CF-8F45-B41952098B93}"
EndProject
Global
	GlobalSection(SolutionConfigurationPlatforms) = preSolution
		Debug|Any CPU = Debug|Any CPU
		Release|Any CPU = Release|Any CPU
	EndGlobalSection
	GlobalSection(ProjectConfigurationPlatforms) = postSolution
		{622D72F4-1D64-43CF-8F45-B41952098B93}.Debug|Any CPU.ActiveCfg = Debug|Any CPU
		{622D72F4-1D64-43CF-8F45-B41952098B93}.Debug|Any CPU.Build.0 = Debug|Any CPU
		{622D72F4-1D64-43CF-8F45-B41952098B93}.Release|Any CPU.ActiveCfg = Release|Any CPU
		{622D72F4-1D64-43CF-8F45-B41952098B93}.Release|Any CPU.Build.0 = Release|Any CPU
	EndGlobalSection
	GlobalSection(SolutionProperties) = preSolution
		HideSolutionNode = FALSE
	EndGlobalSection
	GlobalSection(ExtensibilityGlobals) = postSolution
		SolutionGuid = {06A77284-7E0E-4787-BC40-4EEC19E0F72B}
	EndGlobalSection
EndGlobal
